
Microsoft Visual Studio Solution File, Format Version 12.00
# Visual Studio Version 17
VisualStudioVersion = 17.8.34511.84
MinimumVisualStudioVersion = 10.0.40219.1
Project("{FAE04EC0-301F-11D3-BF4B-00C04F79EFBC}") = "OOAP_Homework", "OOAP_Homework.csproj", "{5C9E84C1-53EE-4222-ABA9-897090464F15}"
EndProject
Project("{FAE04EC0-301F-11D3-BF4B-00C04F79EFBC}") = "OOAP_TESTS", "..\OOAP_TESTS\OOAP_TESTS.csproj", "{F8540722-53CD-4B52-A189-03539DBEAAF1}"
EndProject
Global
	GlobalSection(SolutionConfigurationPlatforms) = preSolution
		Debug|Any CPU = Debug|Any CPU
		Release|Any CPU = Release|Any CPU
	EndGlobalSection
	GlobalSection(ProjectConfigurationPlatforms) = postSolution
		{5C9E84C1-53EE-4222-ABA9-897090464F15}.Debug|Any CPU.ActiveCfg = Debug|Any CPU
		{5C9E84C1-53EE-4222-ABA9-897090464F15}.Debug|Any CPU.Build.0 = Debug|Any CPU
		{5C9E84C1-53EE-4222-ABA9-897090464F15}.Release|Any CPU.ActiveCfg = Release|Any CPU
		{5C9E84C1-53EE-4222-ABA9-897090464F15}.Release|Any CPU.Build.0 = Release|Any CPU
		{F8540722-53CD-4B52-A189-03539DBEAAF1}.Debug|Any CPU.ActiveCfg = Debug|Any CPU
		{F8540722-53CD-4B52-A189-03539DBEAAF1}.Debug|Any CPU.Build.0 = Debug|Any CPU
		{F8540722-53CD-4B52-A189-03539DBEAAF1}.Release|Any CPU.ActiveCfg = Release|Any CPU
		{F8540722-53CD-4B52-A189-03539DBEAAF1}.Release|Any CPU.Build.0 = Release|Any CPU
	EndGlobalSection
	GlobalSection(SolutionProperties) = preSolution
		HideSolutionNode = FALSE
	EndGlobalSection
	GlobalSection(ExtensibilityGlobals) = postSolution
		SolutionGuid = {FDBE1F7E-2586-4E88-9578-C6DBDBE97977}
	EndGlobalSection
EndGlobal
